# This file is generated by running "yarn install" inside your project.
# Manual changes might be lost - proceed with caution!

__metadata:
  version: 8
  cacheKey: 10c0

"@prisma/client@npm:6.17.1":
  version: 6.17.1
  resolution: "@prisma/client@npm:6.17.1"
  peerDependencies:
    prisma: "*"
    typescript: ">=5.1.0"
  peerDependenciesMeta:
    prisma:
      optional: true
    typescript:
      optional: true
  checksum: 10c0/dac39e6cca192720915e02c5d1c8b6e447dafb40522b7133a7bc0047462720de57e2a1370d76a69670f18d9699994b79d9afaba3407c1a97973b58ac066a9c90
  languageName: node
  linkType: hard

"@prisma/config@npm:6.17.1":
  version: 6.17.1
  resolution: "@prisma/config@npm:6.17.1"
  dependencies:
    c12: "npm:3.1.0"
    deepmerge-ts: "npm:7.1.5"
    effect: "npm:3.16.12"
    empathic: "npm:2.0.0"
  checksum: 10c0/afcd60f88ac92306f97626d66b209dd808fef684a965974026a75f04dc762a2866c7f2a8a2bcd70bc8895e8b90e96e1715cdbd8c744a67930976205a35ee00f5
  languageName: node
  linkType: hard

"@prisma/debug@npm:6.17.1":
  version: 6.17.1
  resolution: "@prisma/debug@npm:6.17.1"
  checksum: 10c0/78dffd6665668ca933028752e3742f1985766845ef26e4e088d9ee029086608b5061720138e53aefaf1d50f155eb3fec5ac4ab98f591438977ae04f5801637d3
  languageName: node
  linkType: hard

"@prisma/engines-version@npm:6.17.1-1.272a37d34178c2894197e17273bf937f25acdeac":
  version: 6.17.1-1.272a37d34178c2894197e17273bf937f25acdeac
  resolution: "@prisma/engines-version@npm:6.17.1-1.272a37d34178c2894197e17273bf937f25acdeac"
  checksum: 10c0/86c4e29a4b2aa4d5d0a38770e495a832657094edffebca5f0ce295086a6a53ce3bb3b785be26e290d400d4e707d0ba4ecf22a1eabe4ca663788f65b7712f2f8d
  languageName: node
  linkType: hard

"@prisma/engines@npm:6.17.1":
  version: 6.17.1
  resolution: "@prisma/engines@npm:6.17.1"
  dependencies:
    "@prisma/debug": "npm:6.17.1"
    "@prisma/engines-version": "npm:6.17.1-1.272a37d34178c2894197e17273bf937f25acdeac"
    "@prisma/fetch-engine": "npm:6.17.1"
    "@prisma/get-platform": "npm:6.17.1"
  checksum: 10c0/4a3bc82a4fa19f78d48c595c8c5709abaeb8801e1cf161d4ecd9719b4f5b0cd2b711515e830c8b5cacb2be19239bd8fef7858f274ad5d7a0ef133e4e30d375ac
  languageName: node
  linkType: hard

"@prisma/fetch-engine@npm:6.17.1":
  version: 6.17.1
  resolution: "@prisma/fetch-engine@npm:6.17.1"
  dependencies:
    "@prisma/debug": "npm:6.17.1"
    "@prisma/engines-version": "npm:6.17.1-1.272a37d34178c2894197e17273bf937f25acdeac"
    "@prisma/get-platform": "npm:6.17.1"
  checksum: 10c0/2383845084500c8d445914bedb4cfbbbc39f1b84b6dd40786dedbb2352f0bfeb282260e6a81866e0f48a0036148fdc120938122fe04dc9b7e8380831fe986f59
  languageName: node
  linkType: hard

"@prisma/get-platform@npm:6.17.1":
  version: 6.17.1
  resolution: "@prisma/get-platform@npm:6.17.1"
  dependencies:
    "@prisma/debug": "npm:6.17.1"
  checksum: 10c0/497f170567083c30892da627ef27319f727709af5623a34a7b2118f1663a3726ed5636d0b07904d059b85f7d861406658c3dc72a0f328da22a00d1c95ce70877
  languageName: node
  linkType: hard

"@standard-schema/spec@npm:^1.0.0":
  version: 1.0.0
  resolution: "@standard-schema/spec@npm:1.0.0"
  checksum: 10c0/a1ab9a8bdc09b5b47aa8365d0e0ec40cc2df6437be02853696a0e377321653b0d3ac6f079a8c67d5ddbe9821025584b1fb71d9cc041a6666a96f1fadf2ece15f
  languageName: node
  linkType: hard

"c12@npm:3.1.0":
  version: 3.1.0
  resolution: "c12@npm:3.1.0"
  dependencies:
    chokidar: "npm:^4.0.3"
    confbox: "npm:^0.2.2"
    defu: "npm:^6.1.4"
    dotenv: "npm:^16.6.1"
    exsolve: "npm:^1.0.7"
    giget: "npm:^2.0.0"
    jiti: "npm:^2.4.2"
    ohash: "npm:^2.0.11"
    pathe: "npm:^2.0.3"
    perfect-debounce: "npm:^1.0.0"
    pkg-types: "npm:^2.2.0"
    rc9: "npm:^2.1.2"
  peerDependencies:
    magicast: ^0.3.5
  peerDependenciesMeta:
    magicast:
      optional: true
  checksum: 10c0/a84d6cb5cb6171e9b5be67388b24c6945da8bf3d37b1e4db885ceb1db019da13b9af093d8bbed6b536fd9c4a9202a2ed8c14fb15d4d94fb2e5e7c83b6c88f05b
  languageName: node
  linkType: hard

"chokidar@npm:^4.0.3":
  version: 4.0.3
  resolution: "chokidar@npm:4.0.3"
  dependencies:
    readdirp: "npm:^4.0.1"
  checksum: 10c0/a58b9df05bb452f7d105d9e7229ac82fa873741c0c40ddcc7bb82f8a909fbe3f7814c9ebe9bc9a2bef9b737c0ec6e2d699d179048ef06ad3ec46315df0ebe6ad
  languageName: node
  linkType: hard

"citty@npm:^0.1.6":
  version: 0.1.6
  resolution: "citty@npm:0.1.6"
  dependencies:
    consola: "npm:^3.2.3"
  checksum: 10c0/d26ad82a9a4a8858c7e149d90b878a3eceecd4cfd3e2ed3cd5f9a06212e451fb4f8cbe0fa39a3acb1b3e8f18e22db8ee5def5829384bad50e823d4b301609b48
  languageName: node
  linkType: hard

"confbox@npm:^0.2.2":
  version: 0.2.2
  resolution: "confbox@npm:0.2.2"
  checksum: 10c0/7c246588d533d31e8cdf66cb4701dff6de60f9be77ab54c0d0338e7988750ac56863cc0aca1b3f2046f45ff223a765d3e5d4977a7674485afcd37b6edf3fd129
  languageName: node
  linkType: hard

"consola@npm:^3.2.3, consola@npm:^3.4.0, consola@npm:^3.4.2":
  version: 3.4.2
  resolution: "consola@npm:3.4.2"
  checksum: 10c0/7cebe57ecf646ba74b300bcce23bff43034ed6fbec9f7e39c27cee1dc00df8a21cd336b466ad32e304ea70fba04ec9e890c200270de9a526ce021ba8a7e4c11a
  languageName: node
  linkType: hard

"deepmerge-ts@npm:7.1.5":
  version: 7.1.5
  resolution: "deepmerge-ts@npm:7.1.5"
  checksum: 10c0/3a265a2086f334e3ecf43a7d4138c950cb99e0b39e816fa7fd7f5326161364e51b13010906908212667619066f5b48de738ed42543212323fbbb5d4ed7ebdc84
  languageName: node
  linkType: hard

"defu@npm:^6.1.4":
  version: 6.1.4
  resolution: "defu@npm:6.1.4"
  checksum: 10c0/2d6cc366262dc0cb8096e429368e44052fdf43ed48e53ad84cc7c9407f890301aa5fcb80d0995abaaf842b3949f154d060be4160f7a46cb2bc2f7726c81526f5
  languageName: node
  linkType: hard

"destr@npm:^2.0.3":
  version: 2.0.5
  resolution: "destr@npm:2.0.5"
  checksum: 10c0/efabffe7312a45ad90d79975376be958c50069f1156b94c181199763a7f971e113bd92227c26b94a169c71ca7dbc13583b7e96e5164743969fc79e1ff153e646
  languageName: node
  linkType: hard

"dotenv@npm:^16.6.1":
  version: 16.6.1
  resolution: "dotenv@npm:16.6.1"
  checksum: 10c0/15ce56608326ea0d1d9414a5c8ee6dcf0fffc79d2c16422b4ac2268e7e2d76ff5a572d37ffe747c377de12005f14b3cc22361e79fc7f1061cce81f77d2c973dc
  languageName: node
  linkType: hard

"effect@npm:3.16.12":
  version: 3.16.12
  resolution: "effect@npm:3.16.12"
  dependencies:
    "@standard-schema/spec": "npm:^1.0.0"
    fast-check: "npm:^3.23.1"
  checksum: 10c0/43b73cece506926ff086fdaf62943c2706a83c4192f81f6cba5ff85761e05f5da3c72a547936678ad432a6ea7585cf8f9c38f2f6344492f132e986fd04425c58
  languageName: node
  linkType: hard

"empathic@npm:2.0.0":
  version: 2.0.0
  resolution: "empathic@npm:2.0.0"
  checksum: 10c0/7d3b14b04a93b35c47bcc950467ec914fd241cd9acc0269b0ea160f13026ec110f520c90fae64720fde72cc1757b57f3f292fb606617b7fccac1f4d008a76506
  languageName: node
  linkType: hard

"exsolve@npm:^1.0.7":
  version: 1.0.7
  resolution: "exsolve@npm:1.0.7"
  checksum: 10c0/4479369d0bd84bb7e0b4f5d9bc18d26a89b6dbbbccd73f9d383d14892ef78ddbe159e01781055342f83dc00ebe90044036daf17ddf55cc21e2cac6609aa15631
  languageName: node
  linkType: hard

"fast-check@npm:^3.23.1":
  version: 3.23.2
  resolution: "fast-check@npm:3.23.2"
  dependencies:
    pure-rand: "npm:^6.1.0"
  checksum: 10c0/16fcff3c80321ee765e23c3aebd0f6427f175c9c6c1753104ec658970162365dc2d56bda046d815e8f2e90634c07ba7d6f0bcfd327fbd576d98c56a18a9765ed
  languageName: node
  linkType: hard

"giget@npm:^2.0.0":
  version: 2.0.0
  resolution: "giget@npm:2.0.0"
  dependencies:
    citty: "npm:^0.1.6"
    consola: "npm:^3.4.0"
    defu: "npm:^6.1.4"
    node-fetch-native: "npm:^1.6.6"
    nypm: "npm:^0.6.0"
    pathe: "npm:^2.0.3"
  bin:
    giget: dist/cli.mjs
  checksum: 10c0/606d81652643936ee7f76653b4dcebc09703524ff7fd19692634ce69e3fc6775a377760d7508162379451c03bf43cc6f46716aeadeb803f7cef3fc53d0671396
  languageName: node
  linkType: hard

"grimoire@workspace:.":
  version: 0.0.0-use.local
  resolution: "grimoire@workspace:."
  dependencies:
    "@prisma/client": "npm:6.17.1"
    prisma: "npm:6.17.1"
  languageName: unknown
  linkType: soft

"jiti@npm:^2.4.2":
  version: 2.6.1
  resolution: "jiti@npm:2.6.1"
  bin:
    jiti: lib/jiti-cli.mjs
  checksum: 10c0/79b2e96a8e623f66c1b703b98ec1b8be4500e1d217e09b09e343471bbb9c105381b83edbb979d01cef18318cc45ce6e153571b6c83122170eefa531c64b6789b
  languageName: node
  linkType: hard

"node-fetch-native@npm:^1.6.6":
  version: 1.6.7
  resolution: "node-fetch-native@npm:1.6.7"
  checksum: 10c0/8b748300fb053d21ca4d3db9c3ff52593d5e8f8a2d9fe90cbfad159676e324b954fdaefab46aeca007b5b9edab3d150021c4846444e4e8ab1f4e44cd3807be87
  languageName: node
  linkType: hard

"nypm@npm:^0.6.0":
  version: 0.6.2
  resolution: "nypm@npm:0.6.2"
  dependencies:
    citty: "npm:^0.1.6"
    consola: "npm:^3.4.2"
    pathe: "npm:^2.0.3"
    pkg-types: "npm:^2.3.0"
    tinyexec: "npm:^1.0.1"
  bin:
    nypm: dist/cli.mjs
  checksum: 10c0/b1aca658e29ed616ad6e487f9c3fd76773485ad75c1f99efe130ccb304de60b639a3dda43c3ce6c060113a3eebaee7ccbea554f5fbd1f244474181dc9bf3f17c
  languageName: node
  linkType: hard

"ohash@npm:^2.0.11":
  version: 2.0.11
  resolution: "ohash@npm:2.0.11"
  checksum: 10c0/d07c8d79cc26da082c1a7c8d5b56c399dd4ed3b2bd069fcae6bae78c99a9bcc3ad813b1e1f49ca2f335292846d689c6141a762cf078727d2302a33d414e69c79
  languageName: node
  linkType: hard

"pathe@npm:^2.0.3":
  version: 2.0.3
  resolution: "pathe@npm:2.0.3"
  checksum: 10c0/c118dc5a8b5c4166011b2b70608762e260085180bb9e33e80a50dcdb1e78c010b1624f4280c492c92b05fc276715a4c357d1f9edc570f8f1b3d90b6839ebaca1
  languageName: node
  linkType: hard

"perfect-debounce@npm:^1.0.0":
  version: 1.0.0
  resolution: "perfect-debounce@npm:1.0.0"
  checksum: 10c0/e2baac416cae046ef1b270812cf9ccfb0f91c04ea36ac7f5b00bc84cb7f41bdbba087c0ab21b4e02a7ef3a1f1f6db399f137cecec46868bd7d8d88c2a9ee431f
  languageName: node
  linkType: hard

"pkg-types@npm:^2.2.0, pkg-types@npm:^2.3.0":
  version: 2.3.0
  resolution: "pkg-types@npm:2.3.0"
  dependencies:
    confbox: "npm:^0.2.2"
    exsolve: "npm:^1.0.7"
    pathe: "npm:^2.0.3"
  checksum: 10c0/d2bbddc5b81bd4741e1529c08ef4c5f1542bbdcf63498b73b8e1d84cff71806d1b8b1577800549bb569cb7aa20056257677b979bff48c97967cba7e64f72ae12
  languageName: node
  linkType: hard

"prisma@npm:6.17.1":
  version: 6.17.1
  resolution: "prisma@npm:6.17.1"
  dependencies:
    "@prisma/config": "npm:6.17.1"
    "@prisma/engines": "npm:6.17.1"
  peerDependencies:
    typescript: ">=5.1.0"
  peerDependenciesMeta:
    typescript:
      optional: true
  bin:
    prisma: build/index.js
  checksum: 10c0/f195e329c3eff430dffcb58a2bddd37bf73cbf8e4c6fc34f0cab989c68669b5bcccfa5a442172b2649c6ac009fd820830173ff39d35a2439b77db4bfed44ee9a
  languageName: node
  linkType: hard

"pure-rand@npm:^6.1.0":
  version: 6.1.0
  resolution: "pure-rand@npm:6.1.0"
  checksum: 10c0/1abe217897bf74dcb3a0c9aba3555fe975023147b48db540aa2faf507aee91c03bf54f6aef0eb2bf59cc259a16d06b28eca37f0dc426d94f4692aeff02fb0e65
  languageName: node
  linkType: hard

"rc9@npm:^2.1.2":
  version: 2.1.2
  resolution: "rc9@npm:2.1.2"
  dependencies:
    defu: "npm:^6.1.4"
    destr: "npm:^2.0.3"
  checksum: 10c0/a2ead3b94bf033e35e4ea40d70062a09feddb8f589c3f5a8fe4e9342976974296aee9f6e9e72bd5e78e6ae4b7bc16dc244f63699fd7322c16314e3238db982c9
  languageName: node
  linkType: hard

"readdirp@npm:^4.0.1":
  version: 4.1.2
  resolution: "readdirp@npm:4.1.2"
  checksum: 10c0/60a14f7619dec48c9c850255cd523e2717001b0e179dc7037cfa0895da7b9e9ab07532d324bfb118d73a710887d1e35f79c495fa91582784493e085d18c72c62
  languageName: node
  linkType: hard

"tinyexec@npm:^1.0.1":
  version: 1.0.1
  resolution: "tinyexec@npm:1.0.1"
  checksum: 10c0/e1ec3c8194a0427ce001ba69fd933d0c957e2b8994808189ed8020d3e0c01299aea8ecf0083cc514ecbf90754695895f2b5c0eac07eb2d0c406f7d4fbb8feade
  languageName: node
  linkType: hard
